
Microsoft Visual Studio Solution File, Format Version 12.00
# Visual Studio Version 16
VisualStudioVersion = 16.0.30907.101
MinimumVisualStudioVersion = 10.0.40219.1
Project("{FAE04EC0-301F-11D3-BF4B-00C04F79EFBC}") = "Tile", "Tile\Tile.csproj", "{3F91C9EE-5835-4191-9A24-F201965D59D3}"
EndProject
Global
	GlobalSection(SolutionConfigurationPlatforms) = preSolution
		Debug|Any CPU = Debug|Any CPU
		Release|Any CPU = Release|Any CPU
	EndGlobalSection
	GlobalSection(ProjectConfigurationPlatforms) = postSolution
		{3F91C9EE-5835-4191-9A24-F201965D59D3}.Debug|Any CPU.ActiveCfg = Debug|Any CPU
		{3F91C9EE-5835-4191-9A24-F201965D59D3}.Debug|Any CPU.Build.0 = Debug|Any CPU
		{3F91C9EE-5835-4191-9A24-F201965D59D3}.Release|Any CPU.ActiveCfg = Release|Any CPU
		{3F91C9EE-5835-4191-9A24-F201965D59D3}.Release|Any CPU.Build.0 = Release|Any CPU
	EndGlobalSection
	GlobalSection(SolutionProperties) = preSolution
		HideSolutionNode = FALSE
	EndGlobalSection
	GlobalSection(ExtensibilityGlobals) = postSolution
		SolutionGuid = {CBA665D5-2701-4D4C-A555-90EA811EC32B}
	EndGlobalSection
EndGlobal
